
Microsoft Visual Studio Solution File, Format Version 12.00
# Visual Studio Version 17
VisualStudioVersion = 17.11.35312.102
MinimumVisualStudioVersion = 10.0.40219.1
Project("{FAE04EC0-301F-11D3-BF4B-00C04F79EFBC}") = "FUNewsManagementSystem", "FUNewsManagementSystem\FUNewsManagementSystem.csproj", "{9A74EB84-BA5A-4903-8E6E-98E614CCB96E}"
EndProject
Project("{FAE04EC0-301F-11D3-BF4B-00C04F79EFBC}") = "BusinessLogicLayer", "BusinessLogicObject\BusinessLogicLayer.csproj", "{673E3F2D-F3E1-4ACF-9A51-988F3335E5E5}"
EndProject
Project("{FAE04EC0-301F-11D3-BF4B-00C04F79EFBC}") = "DataAccessLayer", "DataAccessLayer\DataAccessLayer.csproj", "{DFE34A49-823A-4ED4-A32E-22D4C0D44082}"
EndProject
Global
	GlobalSection(SolutionConfigurationPlatforms) = preSolution
		Debug|Any CPU = Debug|Any CPU
		Release|Any CPU = Release|Any CPU
	EndGlobalSection
	GlobalSection(ProjectConfigurationPlatforms) = postSolution
		{9A74EB84-BA5A-4903-8E6E-98E614CCB96E}.Debug|Any CPU.ActiveCfg = Debug|Any CPU
		{9A74EB84-BA5A-4903-8E6E-98E614CCB96E}.Debug|Any CPU.Build.0 = Debug|Any CPU
		{9A74EB84-BA5A-4903-8E6E-98E614CCB96E}.Release|Any CPU.ActiveCfg = Release|Any CPU
		{9A74EB84-BA5A-4903-8E6E-98E614CCB96E}.Release|Any CPU.Build.0 = Release|Any CPU
		{673E3F2D-F3E1-4ACF-9A51-988F3335E5E5}.Debug|Any CPU.ActiveCfg = Debug|Any CPU
		{673E3F2D-F3E1-4ACF-9A51-988F3335E5E5}.Debug|Any CPU.Build.0 = Debug|Any CPU
		{673E3F2D-F3E1-4ACF-9A51-988F3335E5E5}.Release|Any CPU.ActiveCfg = Release|Any CPU
		{673E3F2D-F3E1-4ACF-9A51-988F3335E5E5}.Release|Any CPU.Build.0 = Release|Any CPU
		{DFE34A49-823A-4ED4-A32E-22D4C0D44082}.Debug|Any CPU.ActiveCfg = Debug|Any CPU
		{DFE34A49-823A-4ED4-A32E-22D4C0D44082}.Debug|Any CPU.Build.0 = Debug|Any CPU
		{DFE34A49-823A-4ED4-A32E-22D4C0D44082}.Release|Any CPU.ActiveCfg = Release|Any CPU
		{DFE34A49-823A-4ED4-A32E-22D4C0D44082}.Release|Any CPU.Build.0 = Release|Any CPU
	EndGlobalSection
	GlobalSection(SolutionProperties) = preSolution
		HideSolutionNode = FALSE
	EndGlobalSection
	GlobalSection(ExtensibilityGlobals) = postSolution
		SolutionGuid = {E5C0D56F-6243-42B1-BA91-6E8B04E124DB}
	EndGlobalSection
EndGlobal
